
Microsoft Visual Studio Solution File, Format Version 12.00
# Visual Studio Version 16
VisualStudioVersion = 16.0.30114.105
MinimumVisualStudioVersion = 10.0.40219.1
Project("{FAE04EC0-301F-11D3-BF4B-00C04F79EFBC}") = "MewtocolNet", "MewtocolNet\MewtocolNet.csproj", "{8B7863E7-5E82-4990-9138-2C0C24629982}"
EndProject
Project("{FAE04EC0-301F-11D3-BF4B-00C04F79EFBC}") = "Examples", "Examples\Examples.csproj", "{D1F2FA26-3752-44BA-9DCB-4BC2436C5957}"
EndProject
Global
	GlobalSection(SolutionConfigurationPlatforms) = preSolution
		Debug|Any CPU = Debug|Any CPU
		Debug|x64 = Debug|x64
		Debug|x86 = Debug|x86
		Release|Any CPU = Release|Any CPU
		Release|x64 = Release|x64
		Release|x86 = Release|x86
	EndGlobalSection
	GlobalSection(SolutionProperties) = preSolution
		HideSolutionNode = FALSE
	EndGlobalSection
	GlobalSection(ProjectConfigurationPlatforms) = postSolution
		{8B7863E7-5E82-4990-9138-2C0C24629982}.Debug|Any CPU.ActiveCfg = Debug|Any CPU
		{8B7863E7-5E82-4990-9138-2C0C24629982}.Debug|Any CPU.Build.0 = Debug|Any CPU
		{8B7863E7-5E82-4990-9138-2C0C24629982}.Debug|x64.ActiveCfg = Debug|Any CPU
		{8B7863E7-5E82-4990-9138-2C0C24629982}.Debug|x64.Build.0 = Debug|Any CPU
		{8B7863E7-5E82-4990-9138-2C0C24629982}.Debug|x86.ActiveCfg = Debug|Any CPU
		{8B7863E7-5E82-4990-9138-2C0C24629982}.Debug|x86.Build.0 = Debug|Any CPU
		{8B7863E7-5E82-4990-9138-2C0C24629982}.Release|Any CPU.ActiveCfg = Release|Any CPU
		{8B7863E7-5E82-4990-9138-2C0C24629982}.Release|Any CPU.Build.0 = Release|Any CPU
		{8B7863E7-5E82-4990-9138-2C0C24629982}.Release|x64.ActiveCfg = Release|Any CPU
		{8B7863E7-5E82-4990-9138-2C0C24629982}.Release|x64.Build.0 = Release|Any CPU
		{8B7863E7-5E82-4990-9138-2C0C24629982}.Release|x86.ActiveCfg = Release|Any CPU
		{8B7863E7-5E82-4990-9138-2C0C24629982}.Release|x86.Build.0 = Release|Any CPU
		{D1F2FA26-3752-44BA-9DCB-4BC2436C5957}.Debug|Any CPU.ActiveCfg = Debug|Any CPU
		{D1F2FA26-3752-44BA-9DCB-4BC2436C5957}.Debug|Any CPU.Build.0 = Debug|Any CPU
		{D1F2FA26-3752-44BA-9DCB-4BC2436C5957}.Debug|x64.ActiveCfg = Debug|Any CPU
		{D1F2FA26-3752-44BA-9DCB-4BC2436C5957}.Debug|x64.Build.0 = Debug|Any CPU
		{D1F2FA26-3752-44BA-9DCB-4BC2436C5957}.Debug|x86.ActiveCfg = Debug|Any CPU
		{D1F2FA26-3752-44BA-9DCB-4BC2436C5957}.Debug|x86.Build.0 = Debug|Any CPU
		{D1F2FA26-3752-44BA-9DCB-4BC2436C5957}.Release|Any CPU.ActiveCfg = Release|Any CPU
		{D1F2FA26-3752-44BA-9DCB-4BC2436C5957}.Release|Any CPU.Build.0 = Release|Any CPU
		{D1F2FA26-3752-44BA-9DCB-4BC2436C5957}.Release|x64.ActiveCfg = Release|Any CPU
		{D1F2FA26-3752-44BA-9DCB-4BC2436C5957}.Release|x64.Build.0 = Release|Any CPU
		{D1F2FA26-3752-44BA-9DCB-4BC2436C5957}.Release|x86.ActiveCfg = Release|Any CPU
		{D1F2FA26-3752-44BA-9DCB-4BC2436C5957}.Release|x86.Build.0 = Release|Any CPU
	EndGlobalSection
EndGlobal
