
Microsoft Visual Studio Solution File, Format Version 12.00
# Visual Studio Version 17
VisualStudioVersion = 17.5.33103.201
MinimumVisualStudioVersion = 10.0.40219.1
Project("{9A19103F-16F7-4668-BE54-9A1E7A4F7556}") = "MewtocolNet", "MewtocolNet\MewtocolNet.csproj", "{8B7863E7-5E82-4990-9138-2C0C24629982}"
EndProject
Project("{9A19103F-16F7-4668-BE54-9A1E7A4F7556}") = "MewtocolTests", "MewtocolTests\MewtocolTests.csproj", "{C1BF3AB0-CDFE-4070-A759-C3B25A20ABE1}"
EndProject
Project("{9A19103F-16F7-4668-BE54-9A1E7A4F7556}") = "MewTerminal", "MewTerminal\MewTerminal.csproj", "{D1E751C6-296F-4CF1-AE28-C6D4388C7CF1}"
EndProject
Project("{2150E333-8FDC-42A3-9474-1A3956D46DE8}") = "AutoTools", "AutoTools", "{BAEF983A-EFF2-48DF-A74E-57084166BB4D}"
EndProject
Project("{9A19103F-16F7-4668-BE54-9A1E7A4F7556}") = "AutoTools.ChmDataExtract", "AutoTools.ChmDataExtract\AutoTools.ChmDataExtract.csproj", "{5A9DE453-AD64-4F8D-8215-3BB26674D164}"
EndProject
Project("{9A19103F-16F7-4668-BE54-9A1E7A4F7556}") = "AutoTools.DocBuilder", "AutoTools.DocBuilder\AutoTools.DocBuilder.csproj", "{00ACA0AB-3988-4EF7-98A6-B39A36B136DA}"
EndProject
Project("{9A19103F-16F7-4668-BE54-9A1E7A4F7556}") = "Examples.BasicEthernet", "Examples\Examples.BasicEthernet\Examples.BasicEthernet.csproj", "{9FAC7072-1AD7-45D7-B257-E46F9CC8BE8E}"
EndProject
Project("{2150E333-8FDC-42A3-9474-1A3956D46DE8}") = "Examples", "Examples", "{FDBC39C6-5C06-4249-BDBF-068562D02AD6}"
EndProject
Project("{9A19103F-16F7-4668-BE54-9A1E7A4F7556}") = "Examples.BasicRegisterReadWrite", "Examples\Examples.BasicRegisterReadWrite\Examples.BasicRegisterReadWrite.csproj", "{C630B87F-0DFD-4B3B-9845-B5627E9612D5}"
EndProject
Project("{9A19103F-16F7-4668-BE54-9A1E7A4F7556}") = "Examples.Polling", "Examples\Examples.Polling\Examples.Polling.csproj", "{6615556F-EF18-442F-8FF7-A7943A503C92}"
EndProject
Project("{9A19103F-16F7-4668-BE54-9A1E7A4F7556}") = "Examples.ProgramReadWrite", "Examples\Examples.ProgramReadWrite\Examples.ProgramReadWrite.csproj", "{8311E099-F164-4700-BA1A-F5214B38E0FA}"
EndProject
Project("{9A19103F-16F7-4668-BE54-9A1E7A4F7556}") = "Examples.WPF", "Examples\Examples.WPF\Examples.WPF.csproj", "{339CC94E-68AB-4D2E-BCC1-84D81082EC93}"
EndProject
Global
	GlobalSection(SolutionConfigurationPlatforms) = preSolution
		Debug|Any CPU = Debug|Any CPU
		Debug|x64 = Debug|x64
		Debug|x86 = Debug|x86
		Release|Any CPU = Release|Any CPU
		Release|x64 = Release|x64
		Release|x86 = Release|x86
	EndGlobalSection
	GlobalSection(ProjectConfigurationPlatforms) = postSolution
		{8B7863E7-5E82-4990-9138-2C0C24629982}.Debug|Any CPU.ActiveCfg = Debug|Any CPU
		{8B7863E7-5E82-4990-9138-2C0C24629982}.Debug|Any CPU.Build.0 = Debug|Any CPU
		{8B7863E7-5E82-4990-9138-2C0C24629982}.Debug|x64.ActiveCfg = Debug|Any CPU
		{8B7863E7-5E82-4990-9138-2C0C24629982}.Debug|x64.Build.0 = Debug|Any CPU
		{8B7863E7-5E82-4990-9138-2C0C24629982}.Debug|x86.ActiveCfg = Debug|Any CPU
		{8B7863E7-5E82-4990-9138-2C0C24629982}.Debug|x86.Build.0 = Debug|Any CPU
		{8B7863E7-5E82-4990-9138-2C0C24629982}.Release|Any CPU.ActiveCfg = Release|Any CPU
		{8B7863E7-5E82-4990-9138-2C0C24629982}.Release|Any CPU.Build.0 = Release|Any CPU
		{8B7863E7-5E82-4990-9138-2C0C24629982}.Release|x64.ActiveCfg = Release|Any CPU
		{8B7863E7-5E82-4990-9138-2C0C24629982}.Release|x64.Build.0 = Release|Any CPU
		{8B7863E7-5E82-4990-9138-2C0C24629982}.Release|x86.ActiveCfg = Release|Any CPU
		{8B7863E7-5E82-4990-9138-2C0C24629982}.Release|x86.Build.0 = Release|Any CPU
		{C1BF3AB0-CDFE-4070-A759-C3B25A20ABE1}.Debug|Any CPU.ActiveCfg = Debug|Any CPU
		{C1BF3AB0-CDFE-4070-A759-C3B25A20ABE1}.Debug|Any CPU.Build.0 = Debug|Any CPU
		{C1BF3AB0-CDFE-4070-A759-C3B25A20ABE1}.Debug|x64.ActiveCfg = Debug|Any CPU
		{C1BF3AB0-CDFE-4070-A759-C3B25A20ABE1}.Debug|x64.Build.0 = Debug|Any CPU
		{C1BF3AB0-CDFE-4070-A759-C3B25A20ABE1}.Debug|x86.ActiveCfg = Debug|Any CPU
		{C1BF3AB0-CDFE-4070-A759-C3B25A20ABE1}.Debug|x86.Build.0 = Debug|Any CPU
		{C1BF3AB0-CDFE-4070-A759-C3B25A20ABE1}.Release|Any CPU.ActiveCfg = Release|Any CPU
		{C1BF3AB0-CDFE-4070-A759-C3B25A20ABE1}.Release|Any CPU.Build.0 = Release|Any CPU
		{C1BF3AB0-CDFE-4070-A759-C3B25A20ABE1}.Release|x64.ActiveCfg = Release|Any CPU
		{C1BF3AB0-CDFE-4070-A759-C3B25A20ABE1}.Release|x64.Build.0 = Release|Any CPU
		{C1BF3AB0-CDFE-4070-A759-C3B25A20ABE1}.Release|x86.ActiveCfg = Release|Any CPU
		{C1BF3AB0-CDFE-4070-A759-C3B25A20ABE1}.Release|x86.Build.0 = Release|Any CPU
		{D1E751C6-296F-4CF1-AE28-C6D4388C7CF1}.Debug|Any CPU.ActiveCfg = Debug|Any CPU
		{D1E751C6-296F-4CF1-AE28-C6D4388C7CF1}.Debug|Any CPU.Build.0 = Debug|Any CPU
		{D1E751C6-296F-4CF1-AE28-C6D4388C7CF1}.Debug|x64.ActiveCfg = Debug|Any CPU
		{D1E751C6-296F-4CF1-AE28-C6D4388C7CF1}.Debug|x64.Build.0 = Debug|Any CPU
		{D1E751C6-296F-4CF1-AE28-C6D4388C7CF1}.Debug|x86.ActiveCfg = Debug|Any CPU
		{D1E751C6-296F-4CF1-AE28-C6D4388C7CF1}.Debug|x86.Build.0 = Debug|Any CPU
		{D1E751C6-296F-4CF1-AE28-C6D4388C7CF1}.Release|Any CPU.ActiveCfg = Release|Any CPU
		{D1E751C6-296F-4CF1-AE28-C6D4388C7CF1}.Release|Any CPU.Build.0 = Release|Any CPU
		{D1E751C6-296F-4CF1-AE28-C6D4388C7CF1}.Release|x64.ActiveCfg = Release|Any CPU
		{D1E751C6-296F-4CF1-AE28-C6D4388C7CF1}.Release|x64.Build.0 = Release|Any CPU
		{D1E751C6-296F-4CF1-AE28-C6D4388C7CF1}.Release|x86.ActiveCfg = Release|Any CPU
		{D1E751C6-296F-4CF1-AE28-C6D4388C7CF1}.Release|x86.Build.0 = Release|Any CPU
		{5A9DE453-AD64-4F8D-8215-3BB26674D164}.Debug|Any CPU.ActiveCfg = Debug|Any CPU
		{5A9DE453-AD64-4F8D-8215-3BB26674D164}.Debug|Any CPU.Build.0 = Debug|Any CPU
		{5A9DE453-AD64-4F8D-8215-3BB26674D164}.Debug|x64.ActiveCfg = Debug|Any CPU
		{5A9DE453-AD64-4F8D-8215-3BB26674D164}.Debug|x64.Build.0 = Debug|Any CPU
		{5A9DE453-AD64-4F8D-8215-3BB26674D164}.Debug|x86.ActiveCfg = Debug|Any CPU
		{5A9DE453-AD64-4F8D-8215-3BB26674D164}.Debug|x86.Build.0 = Debug|Any CPU
		{5A9DE453-AD64-4F8D-8215-3BB26674D164}.Release|Any CPU.ActiveCfg = Release|Any CPU
		{5A9DE453-AD64-4F8D-8215-3BB26674D164}.Release|Any CPU.Build.0 = Release|Any CPU
		{5A9DE453-AD64-4F8D-8215-3BB26674D164}.Release|x64.ActiveCfg = Release|Any CPU
		{5A9DE453-AD64-4F8D-8215-3BB26674D164}.Release|x64.Build.0 = Release|Any CPU
		{5A9DE453-AD64-4F8D-8215-3BB26674D164}.Release|x86.ActiveCfg = Release|Any CPU
		{5A9DE453-AD64-4F8D-8215-3BB26674D164}.Release|x86.Build.0 = Release|Any CPU
		{00ACA0AB-3988-4EF7-98A6-B39A36B136DA}.Debug|Any CPU.ActiveCfg = Debug|Any CPU
		{00ACA0AB-3988-4EF7-98A6-B39A36B136DA}.Debug|Any CPU.Build.0 = Debug|Any CPU
		{00ACA0AB-3988-4EF7-98A6-B39A36B136DA}.Debug|x64.ActiveCfg = Debug|Any CPU
		{00ACA0AB-3988-4EF7-98A6-B39A36B136DA}.Debug|x64.Build.0 = Debug|Any CPU
		{00ACA0AB-3988-4EF7-98A6-B39A36B136DA}.Debug|x86.ActiveCfg = Debug|Any CPU
		{00ACA0AB-3988-4EF7-98A6-B39A36B136DA}.Debug|x86.Build.0 = Debug|Any CPU
		{00ACA0AB-3988-4EF7-98A6-B39A36B136DA}.Release|Any CPU.ActiveCfg = Release|Any CPU
		{00ACA0AB-3988-4EF7-98A6-B39A36B136DA}.Release|Any CPU.Build.0 = Release|Any CPU
		{00ACA0AB-3988-4EF7-98A6-B39A36B136DA}.Release|x64.ActiveCfg = Release|Any CPU
		{00ACA0AB-3988-4EF7-98A6-B39A36B136DA}.Release|x64.Build.0 = Release|Any CPU
		{00ACA0AB-3988-4EF7-98A6-B39A36B136DA}.Release|x86.ActiveCfg = Release|Any CPU
		{00ACA0AB-3988-4EF7-98A6-B39A36B136DA}.Release|x86.Build.0 = Release|Any CPU
		{9FAC7072-1AD7-45D7-B257-E46F9CC8BE8E}.Debug|Any CPU.ActiveCfg = Debug|Any CPU
		{9FAC7072-1AD7-45D7-B257-E46F9CC8BE8E}.Debug|Any CPU.Build.0 = Debug|Any CPU
		{9FAC7072-1AD7-45D7-B257-E46F9CC8BE8E}.Debug|x64.ActiveCfg = Debug|Any CPU
		{9FAC7072-1AD7-45D7-B257-E46F9CC8BE8E}.Debug|x64.Build.0 = Debug|Any CPU
		{9FAC7072-1AD7-45D7-B257-E46F9CC8BE8E}.Debug|x86.ActiveCfg = Debug|Any CPU
		{9FAC7072-1AD7-45D7-B257-E46F9CC8BE8E}.Debug|x86.Build.0 = Debug|Any CPU
		{9FAC7072-1AD7-45D7-B257-E46F9CC8BE8E}.Release|Any CPU.ActiveCfg = Release|Any CPU
		{9FAC7072-1AD7-45D7-B257-E46F9CC8BE8E}.Release|Any CPU.Build.0 = Release|Any CPU
		{9FAC7072-1AD7-45D7-B257-E46F9CC8BE8E}.Release|x64.ActiveCfg = Release|Any CPU
		{9FAC7072-1AD7-45D7-B257-E46F9CC8BE8E}.Release|x64.Build.0 = Release|Any CPU
		{9FAC7072-1AD7-45D7-B257-E46F9CC8BE8E}.Release|x86.ActiveCfg = Release|Any CPU
		{9FAC7072-1AD7-45D7-B257-E46F9CC8BE8E}.Release|x86.Build.0 = Release|Any CPU
		{C630B87F-0DFD-4B3B-9845-B5627E9612D5}.Debug|Any CPU.ActiveCfg = Debug|Any CPU
		{C630B87F-0DFD-4B3B-9845-B5627E9612D5}.Debug|Any CPU.Build.0 = Debug|Any CPU
		{C630B87F-0DFD-4B3B-9845-B5627E9612D5}.Debug|x64.ActiveCfg = Debug|Any CPU
		{C630B87F-0DFD-4B3B-9845-B5627E9612D5}.Debug|x64.Build.0 = Debug|Any CPU
		{C630B87F-0DFD-4B3B-9845-B5627E9612D5}.Debug|x86.ActiveCfg = Debug|Any CPU
		{C630B87F-0DFD-4B3B-9845-B5627E9612D5}.Debug|x86.Build.0 = Debug|Any CPU
		{C630B87F-0DFD-4B3B-9845-B5627E9612D5}.Release|Any CPU.ActiveCfg = Release|Any CPU
		{C630B87F-0DFD-4B3B-9845-B5627E9612D5}.Release|Any CPU.Build.0 = Release|Any CPU
		{C630B87F-0DFD-4B3B-9845-B5627E9612D5}.Release|x64.ActiveCfg = Release|Any CPU
		{C630B87F-0DFD-4B3B-9845-B5627E9612D5}.Release|x64.Build.0 = Release|Any CPU
		{C630B87F-0DFD-4B3B-9845-B5627E9612D5}.Release|x86.ActiveCfg = Release|Any CPU
		{C630B87F-0DFD-4B3B-9845-B5627E9612D5}.Release|x86.Build.0 = Release|Any CPU
		{6615556F-EF18-442F-8FF7-A7943A503C92}.Debug|Any CPU.ActiveCfg = Debug|Any CPU
		{6615556F-EF18-442F-8FF7-A7943A503C92}.Debug|Any CPU.Build.0 = Debug|Any CPU
		{6615556F-EF18-442F-8FF7-A7943A503C92}.Debug|x64.ActiveCfg = Debug|Any CPU
		{6615556F-EF18-442F-8FF7-A7943A503C92}.Debug|x64.Build.0 = Debug|Any CPU
		{6615556F-EF18-442F-8FF7-A7943A503C92}.Debug|x86.ActiveCfg = Debug|Any CPU
		{6615556F-EF18-442F-8FF7-A7943A503C92}.Debug|x86.Build.0 = Debug|Any CPU
		{6615556F-EF18-442F-8FF7-A7943A503C92}.Release|Any CPU.ActiveCfg = Release|Any CPU
		{6615556F-EF18-442F-8FF7-A7943A503C92}.Release|Any CPU.Build.0 = Release|Any CPU
		{6615556F-EF18-442F-8FF7-A7943A503C92}.Release|x64.ActiveCfg = Release|Any CPU
		{6615556F-EF18-442F-8FF7-A7943A503C92}.Release|x64.Build.0 = Release|Any CPU
		{6615556F-EF18-442F-8FF7-A7943A503C92}.Release|x86.ActiveCfg = Release|Any CPU
		{6615556F-EF18-442F-8FF7-A7943A503C92}.Release|x86.Build.0 = Release|Any CPU
		{8311E099-F164-4700-BA1A-F5214B38E0FA}.Debug|Any CPU.ActiveCfg = Debug|Any CPU
		{8311E099-F164-4700-BA1A-F5214B38E0FA}.Debug|Any CPU.Build.0 = Debug|Any CPU
		{8311E099-F164-4700-BA1A-F5214B38E0FA}.Debug|x64.ActiveCfg = Debug|Any CPU
		{8311E099-F164-4700-BA1A-F5214B38E0FA}.Debug|x64.Build.0 = Debug|Any CPU
		{8311E099-F164-4700-BA1A-F5214B38E0FA}.Debug|x86.ActiveCfg = Debug|Any CPU
		{8311E099-F164-4700-BA1A-F5214B38E0FA}.Debug|x86.Build.0 = Debug|Any CPU
		{8311E099-F164-4700-BA1A-F5214B38E0FA}.Release|Any CPU.ActiveCfg = Release|Any CPU
		{8311E099-F164-4700-BA1A-F5214B38E0FA}.Release|Any CPU.Build.0 = Release|Any CPU
		{8311E099-F164-4700-BA1A-F5214B38E0FA}.Release|x64.ActiveCfg = Release|Any CPU
		{8311E099-F164-4700-BA1A-F5214B38E0FA}.Release|x64.Build.0 = Release|Any CPU
		{8311E099-F164-4700-BA1A-F5214B38E0FA}.Release|x86.ActiveCfg = Release|Any CPU
		{8311E099-F164-4700-BA1A-F5214B38E0FA}.Release|x86.Build.0 = Release|Any CPU
		{339CC94E-68AB-4D2E-BCC1-84D81082EC93}.Debug|Any CPU.ActiveCfg = Debug|Any CPU
		{339CC94E-68AB-4D2E-BCC1-84D81082EC93}.Debug|Any CPU.Build.0 = Debug|Any CPU
		{339CC94E-68AB-4D2E-BCC1-84D81082EC93}.Debug|x64.ActiveCfg = Debug|Any CPU
		{339CC94E-68AB-4D2E-BCC1-84D81082EC93}.Debug|x64.Build.0 = Debug|Any CPU
		{339CC94E-68AB-4D2E-BCC1-84D81082EC93}.Debug|x86.ActiveCfg = Debug|Any CPU
		{339CC94E-68AB-4D2E-BCC1-84D81082EC93}.Debug|x86.Build.0 = Debug|Any CPU
		{339CC94E-68AB-4D2E-BCC1-84D81082EC93}.Release|Any CPU.ActiveCfg = Release|Any CPU
		{339CC94E-68AB-4D2E-BCC1-84D81082EC93}.Release|Any CPU.Build.0 = Release|Any CPU
		{339CC94E-68AB-4D2E-BCC1-84D81082EC93}.Release|x64.ActiveCfg = Release|Any CPU
		{339CC94E-68AB-4D2E-BCC1-84D81082EC93}.Release|x64.Build.0 = Release|Any CPU
		{339CC94E-68AB-4D2E-BCC1-84D81082EC93}.Release|x86.ActiveCfg = Release|Any CPU
		{339CC94E-68AB-4D2E-BCC1-84D81082EC93}.Release|x86.Build.0 = Release|Any CPU
	EndGlobalSection
	GlobalSection(SolutionProperties) = preSolution
		HideSolutionNode = FALSE
	EndGlobalSection
	GlobalSection(NestedProjects) = preSolution
		{5A9DE453-AD64-4F8D-8215-3BB26674D164} = {BAEF983A-EFF2-48DF-A74E-57084166BB4D}
		{00ACA0AB-3988-4EF7-98A6-B39A36B136DA} = {BAEF983A-EFF2-48DF-A74E-57084166BB4D}
		{9FAC7072-1AD7-45D7-B257-E46F9CC8BE8E} = {FDBC39C6-5C06-4249-BDBF-068562D02AD6}
		{C630B87F-0DFD-4B3B-9845-B5627E9612D5} = {FDBC39C6-5C06-4249-BDBF-068562D02AD6}
		{6615556F-EF18-442F-8FF7-A7943A503C92} = {FDBC39C6-5C06-4249-BDBF-068562D02AD6}
		{8311E099-F164-4700-BA1A-F5214B38E0FA} = {FDBC39C6-5C06-4249-BDBF-068562D02AD6}
		{339CC94E-68AB-4D2E-BCC1-84D81082EC93} = {FDBC39C6-5C06-4249-BDBF-068562D02AD6}
	EndGlobalSection
	GlobalSection(ExtensibilityGlobals) = postSolution
		SolutionGuid = {4ABB8137-CD8F-4691-9802-9ED371012F47}
	EndGlobalSection
EndGlobal
